
Microsoft Visual Studio Solution File, Format Version 12.00
# Visual Studio Version 17
VisualStudioVersion = 17.2.32630.192
MinimumVisualStudioVersion = 10.0.40219.1
Project("{9A19103F-16F7-4668-BE54-9A1E7A4F7556}") = "R5T.T0211.Construction", "R5T.T0211.Construction\R5T.T0211.Construction.csproj", "{645719BD-3779-4A9F-8901-A489F523B38C}"
EndProject
Project("{9A19103F-16F7-4668-BE54-9A1E7A4F7556}") = "R5T.T0211", "R5T.T0211\R5T.T0211.csproj", "{C554C419-5CB3-4E40-983E-AAA4E61D0308}"
EndProject
Project("{2150E333-8FDC-42A3-9474-1A3956D46DE8}") = "_Dependencies", "_Dependencies", "{AE073E6E-04C9-4C16-8B25-00494BAC7675}"
EndProject
Project("{9A19103F-16F7-4668-BE54-9A1E7A4F7556}") = "R5T.T0132", "..\..\R5T.T0132\source\R5T.T0132\R5T.T0132.csproj", "{CF9457D7-D5E0-45DE-90E7-90AD876914C1}"
EndProject
Project("{9A19103F-16F7-4668-BE54-9A1E7A4F7556}") = "R5T.T0143", "..\..\R5T.T0143\source\R5T.T0143\R5T.T0143.csproj", "{4598A8EF-4D2B-4D0C-9A63-3DBCE293D7FB}"
EndProject
Project("{9A19103F-16F7-4668-BE54-9A1E7A4F7556}") = "R5T.T0178", "..\..\R5T.T0178\source\R5T.T0178\R5T.T0178.csproj", "{58E9BC8E-3D2C-43B9-8FAE-C71C8DFFD66B}"
EndProject
Project("{9A19103F-16F7-4668-BE54-9A1E7A4F7556}") = "R5T.T0179", "..\..\R5T.T0179\source\R5T.T0179\R5T.T0179.csproj", "{D6E97E79-9013-4C63-9833-953BCD219E1A}"
EndProject
Project("{9A19103F-16F7-4668-BE54-9A1E7A4F7556}") = "R5T.T0185", "..\..\R5T.T0185\source\R5T.T0185\R5T.T0185.csproj", "{A5AD0571-9462-4621-B5EF-5CC9AB53EE9B}"
EndProject
Project("{9A19103F-16F7-4668-BE54-9A1E7A4F7556}") = "R5T.T0203", "..\..\R5T.T0203\source\R5T.T0203\R5T.T0203.csproj", "{2BB092E5-C84C-468C-95C5-73ED306B60DE}"
EndProject
Global
	GlobalSection(NestedProjects) = preSolution
		{CF9457D7-D5E0-45DE-90E7-90AD876914C1} = {AE073E6E-04C9-4C16-8B25-00494BAC7675}
		{4598A8EF-4D2B-4D0C-9A63-3DBCE293D7FB} = {AE073E6E-04C9-4C16-8B25-00494BAC7675}
		{58E9BC8E-3D2C-43B9-8FAE-C71C8DFFD66B} = {AE073E6E-04C9-4C16-8B25-00494BAC7675}
		{D6E97E79-9013-4C63-9833-953BCD219E1A} = {AE073E6E-04C9-4C16-8B25-00494BAC7675}
		{A5AD0571-9462-4621-B5EF-5CC9AB53EE9B} = {AE073E6E-04C9-4C16-8B25-00494BAC7675}
		{2BB092E5-C84C-468C-95C5-73ED306B60DE} = {AE073E6E-04C9-4C16-8B25-00494BAC7675}
	EndGlobalSection
	GlobalSection(SolutionConfigurationPlatforms) = preSolution
		Debug|Any CPU = Debug|Any CPU
		Release|Any CPU = Release|Any CPU
	EndGlobalSection
	GlobalSection(ProjectConfigurationPlatforms) = postSolution
		{645719BD-3779-4A9F-8901-A489F523B38C}.Debug|Any CPU.ActiveCfg = Debug|Any CPU
		{645719BD-3779-4A9F-8901-A489F523B38C}.Debug|Any CPU.Build.0 = Debug|Any CPU
		{645719BD-3779-4A9F-8901-A489F523B38C}.Release|Any CPU.ActiveCfg = Release|Any CPU
		{645719BD-3779-4A9F-8901-A489F523B38C}.Release|Any CPU.Build.0 = Release|Any CPU
		{C554C419-5CB3-4E40-983E-AAA4E61D0308}.Debug|Any CPU.ActiveCfg = Debug|Any CPU
		{C554C419-5CB3-4E40-983E-AAA4E61D0308}.Debug|Any CPU.Build.0 = Debug|Any CPU
		{C554C419-5CB3-4E40-983E-AAA4E61D0308}.Release|Any CPU.ActiveCfg = Release|Any CPU
		{C554C419-5CB3-4E40-983E-AAA4E61D0308}.Release|Any CPU.Build.0 = Release|Any CPU
		{CF9457D7-D5E0-45DE-90E7-90AD876914C1}.Debug|Any CPU.ActiveCfg = Debug|Any CPU
		{CF9457D7-D5E0-45DE-90E7-90AD876914C1}.Debug|Any CPU.Build.0 = Debug|Any CPU
		{CF9457D7-D5E0-45DE-90E7-90AD876914C1}.Release|Any CPU.ActiveCfg = Release|Any CPU
		{CF9457D7-D5E0-45DE-90E7-90AD876914C1}.Release|Any CPU.Build.0 = Release|Any CPU
		{4598A8EF-4D2B-4D0C-9A63-3DBCE293D7FB}.Debug|Any CPU.ActiveCfg = Debug|Any CPU
		{4598A8EF-4D2B-4D0C-9A63-3DBCE293D7FB}.Debug|Any CPU.Build.0 = Debug|Any CPU
		{4598A8EF-4D2B-4D0C-9A63-3DBCE293D7FB}.Release|Any CPU.ActiveCfg = Release|Any CPU
		{4598A8EF-4D2B-4D0C-9A63-3DBCE293D7FB}.Release|Any CPU.Build.0 = Release|Any CPU
		{58E9BC8E-3D2C-43B9-8FAE-C71C8DFFD66B}.Debug|Any CPU.ActiveCfg = Debug|Any CPU
		{58E9BC8E-3D2C-43B9-8FAE-C71C8DFFD66B}.Debug|Any CPU.Build.0 = Debug|Any CPU
		{58E9BC8E-3D2C-43B9-8FAE-C71C8DFFD66B}.Release|Any CPU.ActiveCfg = Release|Any CPU
		{58E9BC8E-3D2C-43B9-8FAE-C71C8DFFD66B}.Release|Any CPU.Build.0 = Release|Any CPU
		{D6E97E79-9013-4C63-9833-953BCD219E1A}.Debug|Any CPU.ActiveCfg = Debug|Any CPU
		{D6E97E79-9013-4C63-9833-953BCD219E1A}.Debug|Any CPU.Build.0 = Debug|Any CPU
		{D6E97E79-9013-4C63-9833-953BCD219E1A}.Release|Any CPU.ActiveCfg = Release|Any CPU
		{D6E97E79-9013-4C63-9833-953BCD219E1A}.Release|Any CPU.Build.0 = Release|Any CPU
		{A5AD0571-9462-4621-B5EF-5CC9AB53EE9B}.Debug|Any CPU.ActiveCfg = Debug|Any CPU
		{A5AD0571-9462-4621-B5EF-5CC9AB53EE9B}.Debug|Any CPU.Build.0 = Debug|Any CPU
		{A5AD0571-9462-4621-B5EF-5CC9AB53EE9B}.Release|Any CPU.ActiveCfg = Release|Any CPU
		{A5AD0571-9462-4621-B5EF-5CC9AB53EE9B}.Release|Any CPU.Build.0 = Release|Any CPU
		{2BB092E5-C84C-468C-95C5-73ED306B60DE}.Debug|Any CPU.ActiveCfg = Debug|Any CPU
		{2BB092E5-C84C-468C-95C5-73ED306B60DE}.Debug|Any CPU.Build.0 = Debug|Any CPU
		{2BB092E5-C84C-468C-95C5-73ED306B60DE}.Release|Any CPU.ActiveCfg = Release|Any CPU
		{2BB092E5-C84C-468C-95C5-73ED306B60DE}.Release|Any CPU.Build.0 = Release|Any CPU
	EndGlobalSection
	GlobalSection(SolutionProperties) = preSolution
		HideSolutionNode = FALSE
	EndGlobalSection
	GlobalSection(ExtensibilityGlobals) = postSolution
		SolutionGuid = {F8015492-3C5A-4B4E-8671-17D4C51524BF}
	EndGlobalSection
EndGlobal
