
Microsoft Visual Studio Solution File, Format Version 12.00
# Visual Studio Version 17
VisualStudioVersion = 17.2.32630.192
MinimumVisualStudioVersion = 10.0.40219.1
Project("{9A19103F-16F7-4668-BE54-9A1E7A4F7556}") = "R5T.T0211.Construction", "R5T.T0211.Construction\R5T.T0211.Construction.csproj", "{645719BD-3779-4A9F-8901-A489F523B38C}"
EndProject
Project("{9A19103F-16F7-4668-BE54-9A1E7A4F7556}") = "R5T.T0211", "R5T.T0211\R5T.T0211.csproj", "{C554C419-5CB3-4E40-983E-AAA4E61D0308}"
EndProject
Global
	GlobalSection(SolutionConfigurationPlatforms) = preSolution
		Debug|Any CPU = Debug|Any CPU
		Release|Any CPU = Release|Any CPU
	EndGlobalSection
	GlobalSection(ProjectConfigurationPlatforms) = postSolution
		{645719BD-3779-4A9F-8901-A489F523B38C}.Debug|Any CPU.ActiveCfg = Debug|Any CPU
		{645719BD-3779-4A9F-8901-A489F523B38C}.Debug|Any CPU.Build.0 = Debug|Any CPU
		{645719BD-3779-4A9F-8901-A489F523B38C}.Release|Any CPU.ActiveCfg = Release|Any CPU
		{645719BD-3779-4A9F-8901-A489F523B38C}.Release|Any CPU.Build.0 = Release|Any CPU
		{C554C419-5CB3-4E40-983E-AAA4E61D0308}.Debug|Any CPU.ActiveCfg = Debug|Any CPU
		{C554C419-5CB3-4E40-983E-AAA4E61D0308}.Debug|Any CPU.Build.0 = Debug|Any CPU
		{C554C419-5CB3-4E40-983E-AAA4E61D0308}.Release|Any CPU.ActiveCfg = Release|Any CPU
		{C554C419-5CB3-4E40-983E-AAA4E61D0308}.Release|Any CPU.Build.0 = Release|Any CPU
	EndGlobalSection
	GlobalSection(SolutionProperties) = preSolution
		HideSolutionNode = FALSE
	EndGlobalSection
	GlobalSection(ExtensibilityGlobals) = postSolution
		SolutionGuid = {F8015492-3C5A-4B4E-8671-17D4C51524BF}
	EndGlobalSection
EndGlobal
