
Microsoft Visual Studio Solution File, Format Version 12.00
# Visual Studio Version 17
VisualStudioVersion = 17.2.32630.192
MinimumVisualStudioVersion = 10.0.40219.1
Project("{9A19103F-16F7-4668-BE54-9A1E7A4F7556}") = "R5T.T0211", "R5T.T0211\R5T.T0211.csproj", "{625C0018-614A-4271-AAE9-621295514515}"
EndProject
Project("{2150E333-8FDC-42A3-9474-1A3956D46DE8}") = "_Dependencies", "_Dependencies", "{0D466370-80AC-482E-9A94-FEB40FFB2963}"
EndProject
Project("{9A19103F-16F7-4668-BE54-9A1E7A4F7556}") = "R5T.T0132", "..\..\R5T.T0132\source\R5T.T0132\R5T.T0132.csproj", "{D04C6C28-C7FE-4D95-8AA6-97AE0E36889B}"
EndProject
Project("{9A19103F-16F7-4668-BE54-9A1E7A4F7556}") = "R5T.T0143", "..\..\R5T.T0143\source\R5T.T0143\R5T.T0143.csproj", "{608DAFFE-E886-481F-B797-D4C5A34E6FFA}"
EndProject
Project("{9A19103F-16F7-4668-BE54-9A1E7A4F7556}") = "R5T.T0178", "..\..\R5T.T0178\source\R5T.T0178\R5T.T0178.csproj", "{4803498A-6663-433F-BAE3-615C0470D380}"
EndProject
Project("{9A19103F-16F7-4668-BE54-9A1E7A4F7556}") = "R5T.T0179", "..\..\R5T.T0179\source\R5T.T0179\R5T.T0179.csproj", "{32F4BE89-F79A-47A1-B745-92A3683BA643}"
EndProject
Project("{9A19103F-16F7-4668-BE54-9A1E7A4F7556}") = "R5T.T0185", "..\..\R5T.T0185\source\R5T.T0185\R5T.T0185.csproj", "{FC6ACCDF-5BA2-4B56-B176-427BB6F0618B}"
EndProject
Project("{9A19103F-16F7-4668-BE54-9A1E7A4F7556}") = "R5T.T0203", "..\..\R5T.T0203\source\R5T.T0203\R5T.T0203.csproj", "{721A373D-C6B0-47A8-BF64-833A4B7217D3}"
EndProject
Project("{9A19103F-16F7-4668-BE54-9A1E7A4F7556}") = "R5T.T0211.Z000", "R5T.T0211.Z000\R5T.T0211.Z000.csproj", "{6A5D2DF7-2511-4EBF-A3D1-1766577826F9}"
EndProject
Project("{9A19103F-16F7-4668-BE54-9A1E7A4F7556}") = "R5T.F0000", "..\..\R5T.F0000\source\R5T.F0000\R5T.F0000.csproj", "{30D48AB0-42B1-4415-BE34-EE8B754368E6}"
EndProject
Project("{9A19103F-16F7-4668-BE54-9A1E7A4F7556}") = "R5T.L0030.T000", "..\..\R5T.L0030\source\R5T.L0030.T000\R5T.L0030.T000.csproj", "{1A8363DF-89C7-43F3-9ABF-C9E60B95560E}"
EndProject
Project("{9A19103F-16F7-4668-BE54-9A1E7A4F7556}") = "R5T.T0131", "..\..\R5T.T0131\source\R5T.T0131\R5T.T0131.csproj", "{04AEB3F8-68A6-4445-9844-CA759683E78F}"
EndProject
Project("{9A19103F-16F7-4668-BE54-9A1E7A4F7556}") = "R5T.T0142", "..\..\R5T.T0142\source\R5T.T0142\R5T.T0142.csproj", "{5C827A9A-3162-412B-A7D0-B672DAED27C7}"
EndProject
Project("{9A19103F-16F7-4668-BE54-9A1E7A4F7556}") = "R5T.T0156", "..\..\R5T.T0156\source\R5T.T0156\R5T.T0156.csproj", "{329805FB-C7A4-45A7-BFAA-1D0C5F2CED0A}"
EndProject
Project("{9A19103F-16F7-4668-BE54-9A1E7A4F7556}") = "R5T.Y0000", "..\..\R5T.Y0000\source\R5T.Y0000\R5T.Y0000.csproj", "{432008A1-225A-4A0F-AA26-E63AB7984F90}"
EndProject
Project("{9A19103F-16F7-4668-BE54-9A1E7A4F7556}") = "R5T.Z0000", "..\..\R5T.Z0000\source\R5T.Z0000\R5T.Z0000.csproj", "{1EA4B966-A06B-40D6-BFD9-C9215DF50575}"
EndProject
Project("{9A19103F-16F7-4668-BE54-9A1E7A4F7556}") = "R5T.T0211.F000", "R5T.T0211.F000\R5T.T0211.F000.csproj", "{B3C746B3-A017-4F5A-A016-9872B36BCF1B}"
EndProject
Project("{9A19103F-16F7-4668-BE54-9A1E7A4F7556}") = "R5T.F0002", "..\..\R5T.F0002\source\R5T.F0002\R5T.F0002.csproj", "{AB31B62F-906E-4708-925D-FE7FDCE683A9}"
EndProject
Project("{9A19103F-16F7-4668-BE54-9A1E7A4F7556}") = "R5T.F0120", "..\..\R5T.F0120\source\R5T.F0120\R5T.F0120.csproj", "{6B19A1FA-6DBF-4051-B7F0-3AEDA25FDED3}"
EndProject
Project("{9A19103F-16F7-4668-BE54-9A1E7A4F7556}") = "R5T.L0030", "..\..\R5T.L0030\source\R5T.L0030\R5T.L0030.csproj", "{9E8F3801-8DD7-4923-8506-218F09FD4044}"
EndProject
Project("{9A19103F-16F7-4668-BE54-9A1E7A4F7556}") = "R5T.T0180", "..\..\R5T.T0180\source\R5T.T0180\R5T.T0180.csproj", "{F5524923-92E4-4400-B6E5-68ED4B40AEB0}"
EndProject
Project("{9A19103F-16F7-4668-BE54-9A1E7A4F7556}") = "R5T.T0181", "..\..\R5T.T0181\source\R5T.T0181\R5T.T0181.csproj", "{FB4BE7CB-A32B-42A8-B93C-6BF9D5A4DECB}"
EndProject
Project("{9A19103F-16F7-4668-BE54-9A1E7A4F7556}") = "R5T.T0162", "..\..\R5T.T0162\source\R5T.T0162\R5T.T0162.csproj", "{6645FBDA-A464-4726-B666-6E4C7F177734}"
EndProject
Global
	GlobalSection(NestedProjects) = preSolution
		{D04C6C28-C7FE-4D95-8AA6-97AE0E36889B} = {0D466370-80AC-482E-9A94-FEB40FFB2963}
		{608DAFFE-E886-481F-B797-D4C5A34E6FFA} = {0D466370-80AC-482E-9A94-FEB40FFB2963}
		{4803498A-6663-433F-BAE3-615C0470D380} = {0D466370-80AC-482E-9A94-FEB40FFB2963}
		{32F4BE89-F79A-47A1-B745-92A3683BA643} = {0D466370-80AC-482E-9A94-FEB40FFB2963}
		{FC6ACCDF-5BA2-4B56-B176-427BB6F0618B} = {0D466370-80AC-482E-9A94-FEB40FFB2963}
		{721A373D-C6B0-47A8-BF64-833A4B7217D3} = {0D466370-80AC-482E-9A94-FEB40FFB2963}
		{30D48AB0-42B1-4415-BE34-EE8B754368E6} = {0D466370-80AC-482E-9A94-FEB40FFB2963}
		{1A8363DF-89C7-43F3-9ABF-C9E60B95560E} = {0D466370-80AC-482E-9A94-FEB40FFB2963}
		{04AEB3F8-68A6-4445-9844-CA759683E78F} = {0D466370-80AC-482E-9A94-FEB40FFB2963}
		{5C827A9A-3162-412B-A7D0-B672DAED27C7} = {0D466370-80AC-482E-9A94-FEB40FFB2963}
		{329805FB-C7A4-45A7-BFAA-1D0C5F2CED0A} = {0D466370-80AC-482E-9A94-FEB40FFB2963}
		{432008A1-225A-4A0F-AA26-E63AB7984F90} = {0D466370-80AC-482E-9A94-FEB40FFB2963}
		{1EA4B966-A06B-40D6-BFD9-C9215DF50575} = {0D466370-80AC-482E-9A94-FEB40FFB2963}
		{AB31B62F-906E-4708-925D-FE7FDCE683A9} = {0D466370-80AC-482E-9A94-FEB40FFB2963}
		{6B19A1FA-6DBF-4051-B7F0-3AEDA25FDED3} = {0D466370-80AC-482E-9A94-FEB40FFB2963}
		{9E8F3801-8DD7-4923-8506-218F09FD4044} = {0D466370-80AC-482E-9A94-FEB40FFB2963}
		{F5524923-92E4-4400-B6E5-68ED4B40AEB0} = {0D466370-80AC-482E-9A94-FEB40FFB2963}
		{FB4BE7CB-A32B-42A8-B93C-6BF9D5A4DECB} = {0D466370-80AC-482E-9A94-FEB40FFB2963}
		{6645FBDA-A464-4726-B666-6E4C7F177734} = {0D466370-80AC-482E-9A94-FEB40FFB2963}
	EndGlobalSection
	GlobalSection(SolutionConfigurationPlatforms) = preSolution
		Debug|Any CPU = Debug|Any CPU
		Release|Any CPU = Release|Any CPU
	EndGlobalSection
	GlobalSection(ProjectConfigurationPlatforms) = postSolution
		{625C0018-614A-4271-AAE9-621295514515}.Debug|Any CPU.ActiveCfg = Debug|Any CPU
		{625C0018-614A-4271-AAE9-621295514515}.Debug|Any CPU.Build.0 = Debug|Any CPU
		{625C0018-614A-4271-AAE9-621295514515}.Release|Any CPU.ActiveCfg = Release|Any CPU
		{625C0018-614A-4271-AAE9-621295514515}.Release|Any CPU.Build.0 = Release|Any CPU
		{D04C6C28-C7FE-4D95-8AA6-97AE0E36889B}.Debug|Any CPU.ActiveCfg = Debug|Any CPU
		{D04C6C28-C7FE-4D95-8AA6-97AE0E36889B}.Debug|Any CPU.Build.0 = Debug|Any CPU
		{D04C6C28-C7FE-4D95-8AA6-97AE0E36889B}.Release|Any CPU.ActiveCfg = Release|Any CPU
		{D04C6C28-C7FE-4D95-8AA6-97AE0E36889B}.Release|Any CPU.Build.0 = Release|Any CPU
		{608DAFFE-E886-481F-B797-D4C5A34E6FFA}.Debug|Any CPU.ActiveCfg = Debug|Any CPU
		{608DAFFE-E886-481F-B797-D4C5A34E6FFA}.Debug|Any CPU.Build.0 = Debug|Any CPU
		{608DAFFE-E886-481F-B797-D4C5A34E6FFA}.Release|Any CPU.ActiveCfg = Release|Any CPU
		{608DAFFE-E886-481F-B797-D4C5A34E6FFA}.Release|Any CPU.Build.0 = Release|Any CPU
		{4803498A-6663-433F-BAE3-615C0470D380}.Debug|Any CPU.ActiveCfg = Debug|Any CPU
		{4803498A-6663-433F-BAE3-615C0470D380}.Debug|Any CPU.Build.0 = Debug|Any CPU
		{4803498A-6663-433F-BAE3-615C0470D380}.Release|Any CPU.ActiveCfg = Release|Any CPU
		{4803498A-6663-433F-BAE3-615C0470D380}.Release|Any CPU.Build.0 = Release|Any CPU
		{32F4BE89-F79A-47A1-B745-92A3683BA643}.Debug|Any CPU.ActiveCfg = Debug|Any CPU
		{32F4BE89-F79A-47A1-B745-92A3683BA643}.Debug|Any CPU.Build.0 = Debug|Any CPU
		{32F4BE89-F79A-47A1-B745-92A3683BA643}.Release|Any CPU.ActiveCfg = Release|Any CPU
		{32F4BE89-F79A-47A1-B745-92A3683BA643}.Release|Any CPU.Build.0 = Release|Any CPU
		{FC6ACCDF-5BA2-4B56-B176-427BB6F0618B}.Debug|Any CPU.ActiveCfg = Debug|Any CPU
		{FC6ACCDF-5BA2-4B56-B176-427BB6F0618B}.Debug|Any CPU.Build.0 = Debug|Any CPU
		{FC6ACCDF-5BA2-4B56-B176-427BB6F0618B}.Release|Any CPU.ActiveCfg = Release|Any CPU
		{FC6ACCDF-5BA2-4B56-B176-427BB6F0618B}.Release|Any CPU.Build.0 = Release|Any CPU
		{721A373D-C6B0-47A8-BF64-833A4B7217D3}.Debug|Any CPU.ActiveCfg = Debug|Any CPU
		{721A373D-C6B0-47A8-BF64-833A4B7217D3}.Debug|Any CPU.Build.0 = Debug|Any CPU
		{721A373D-C6B0-47A8-BF64-833A4B7217D3}.Release|Any CPU.ActiveCfg = Release|Any CPU
		{721A373D-C6B0-47A8-BF64-833A4B7217D3}.Release|Any CPU.Build.0 = Release|Any CPU
		{6A5D2DF7-2511-4EBF-A3D1-1766577826F9}.Debug|Any CPU.ActiveCfg = Debug|Any CPU
		{6A5D2DF7-2511-4EBF-A3D1-1766577826F9}.Debug|Any CPU.Build.0 = Debug|Any CPU
		{6A5D2DF7-2511-4EBF-A3D1-1766577826F9}.Release|Any CPU.ActiveCfg = Release|Any CPU
		{6A5D2DF7-2511-4EBF-A3D1-1766577826F9}.Release|Any CPU.Build.0 = Release|Any CPU
		{30D48AB0-42B1-4415-BE34-EE8B754368E6}.Debug|Any CPU.ActiveCfg = Debug|Any CPU
		{30D48AB0-42B1-4415-BE34-EE8B754368E6}.Debug|Any CPU.Build.0 = Debug|Any CPU
		{30D48AB0-42B1-4415-BE34-EE8B754368E6}.Release|Any CPU.ActiveCfg = Release|Any CPU
		{30D48AB0-42B1-4415-BE34-EE8B754368E6}.Release|Any CPU.Build.0 = Release|Any CPU
		{1A8363DF-89C7-43F3-9ABF-C9E60B95560E}.Debug|Any CPU.ActiveCfg = Debug|Any CPU
		{1A8363DF-89C7-43F3-9ABF-C9E60B95560E}.Debug|Any CPU.Build.0 = Debug|Any CPU
		{1A8363DF-89C7-43F3-9ABF-C9E60B95560E}.Release|Any CPU.ActiveCfg = Release|Any CPU
		{1A8363DF-89C7-43F3-9ABF-C9E60B95560E}.Release|Any CPU.Build.0 = Release|Any CPU
		{04AEB3F8-68A6-4445-9844-CA759683E78F}.Debug|Any CPU.ActiveCfg = Debug|Any CPU
		{04AEB3F8-68A6-4445-9844-CA759683E78F}.Debug|Any CPU.Build.0 = Debug|Any CPU
		{04AEB3F8-68A6-4445-9844-CA759683E78F}.Release|Any CPU.ActiveCfg = Release|Any CPU
		{04AEB3F8-68A6-4445-9844-CA759683E78F}.Release|Any CPU.Build.0 = Release|Any CPU
		{5C827A9A-3162-412B-A7D0-B672DAED27C7}.Debug|Any CPU.ActiveCfg = Debug|Any CPU
		{5C827A9A-3162-412B-A7D0-B672DAED27C7}.Debug|Any CPU.Build.0 = Debug|Any CPU
		{5C827A9A-3162-412B-A7D0-B672DAED27C7}.Release|Any CPU.ActiveCfg = Release|Any CPU
		{5C827A9A-3162-412B-A7D0-B672DAED27C7}.Release|Any CPU.Build.0 = Release|Any CPU
		{329805FB-C7A4-45A7-BFAA-1D0C5F2CED0A}.Debug|Any CPU.ActiveCfg = Debug|Any CPU
		{329805FB-C7A4-45A7-BFAA-1D0C5F2CED0A}.Debug|Any CPU.Build.0 = Debug|Any CPU
		{329805FB-C7A4-45A7-BFAA-1D0C5F2CED0A}.Release|Any CPU.ActiveCfg = Release|Any CPU
		{329805FB-C7A4-45A7-BFAA-1D0C5F2CED0A}.Release|Any CPU.Build.0 = Release|Any CPU
		{432008A1-225A-4A0F-AA26-E63AB7984F90}.Debug|Any CPU.ActiveCfg = Debug|Any CPU
		{432008A1-225A-4A0F-AA26-E63AB7984F90}.Debug|Any CPU.Build.0 = Debug|Any CPU
		{432008A1-225A-4A0F-AA26-E63AB7984F90}.Release|Any CPU.ActiveCfg = Release|Any CPU
		{432008A1-225A-4A0F-AA26-E63AB7984F90}.Release|Any CPU.Build.0 = Release|Any CPU
		{1EA4B966-A06B-40D6-BFD9-C9215DF50575}.Debug|Any CPU.ActiveCfg = Debug|Any CPU
		{1EA4B966-A06B-40D6-BFD9-C9215DF50575}.Debug|Any CPU.Build.0 = Debug|Any CPU
		{1EA4B966-A06B-40D6-BFD9-C9215DF50575}.Release|Any CPU.ActiveCfg = Release|Any CPU
		{1EA4B966-A06B-40D6-BFD9-C9215DF50575}.Release|Any CPU.Build.0 = Release|Any CPU
		{B3C746B3-A017-4F5A-A016-9872B36BCF1B}.Debug|Any CPU.ActiveCfg = Debug|Any CPU
		{B3C746B3-A017-4F5A-A016-9872B36BCF1B}.Debug|Any CPU.Build.0 = Debug|Any CPU
		{B3C746B3-A017-4F5A-A016-9872B36BCF1B}.Release|Any CPU.ActiveCfg = Release|Any CPU
		{B3C746B3-A017-4F5A-A016-9872B36BCF1B}.Release|Any CPU.Build.0 = Release|Any CPU
		{AB31B62F-906E-4708-925D-FE7FDCE683A9}.Debug|Any CPU.ActiveCfg = Debug|Any CPU
		{AB31B62F-906E-4708-925D-FE7FDCE683A9}.Debug|Any CPU.Build.0 = Debug|Any CPU
		{AB31B62F-906E-4708-925D-FE7FDCE683A9}.Release|Any CPU.ActiveCfg = Release|Any CPU
		{AB31B62F-906E-4708-925D-FE7FDCE683A9}.Release|Any CPU.Build.0 = Release|Any CPU
		{6B19A1FA-6DBF-4051-B7F0-3AEDA25FDED3}.Debug|Any CPU.ActiveCfg = Debug|Any CPU
		{6B19A1FA-6DBF-4051-B7F0-3AEDA25FDED3}.Debug|Any CPU.Build.0 = Debug|Any CPU
		{6B19A1FA-6DBF-4051-B7F0-3AEDA25FDED3}.Release|Any CPU.ActiveCfg = Release|Any CPU
		{6B19A1FA-6DBF-4051-B7F0-3AEDA25FDED3}.Release|Any CPU.Build.0 = Release|Any CPU
		{9E8F3801-8DD7-4923-8506-218F09FD4044}.Debug|Any CPU.ActiveCfg = Debug|Any CPU
		{9E8F3801-8DD7-4923-8506-218F09FD4044}.Debug|Any CPU.Build.0 = Debug|Any CPU
		{9E8F3801-8DD7-4923-8506-218F09FD4044}.Release|Any CPU.ActiveCfg = Release|Any CPU
		{9E8F3801-8DD7-4923-8506-218F09FD4044}.Release|Any CPU.Build.0 = Release|Any CPU
		{F5524923-92E4-4400-B6E5-68ED4B40AEB0}.Debug|Any CPU.ActiveCfg = Debug|Any CPU
		{F5524923-92E4-4400-B6E5-68ED4B40AEB0}.Debug|Any CPU.Build.0 = Debug|Any CPU
		{F5524923-92E4-4400-B6E5-68ED4B40AEB0}.Release|Any CPU.ActiveCfg = Release|Any CPU
		{F5524923-92E4-4400-B6E5-68ED4B40AEB0}.Release|Any CPU.Build.0 = Release|Any CPU
		{FB4BE7CB-A32B-42A8-B93C-6BF9D5A4DECB}.Debug|Any CPU.ActiveCfg = Debug|Any CPU
		{FB4BE7CB-A32B-42A8-B93C-6BF9D5A4DECB}.Debug|Any CPU.Build.0 = Debug|Any CPU
		{FB4BE7CB-A32B-42A8-B93C-6BF9D5A4DECB}.Release|Any CPU.ActiveCfg = Release|Any CPU
		{FB4BE7CB-A32B-42A8-B93C-6BF9D5A4DECB}.Release|Any CPU.Build.0 = Release|Any CPU
		{6645FBDA-A464-4726-B666-6E4C7F177734}.Debug|Any CPU.ActiveCfg = Debug|Any CPU
		{6645FBDA-A464-4726-B666-6E4C7F177734}.Debug|Any CPU.Build.0 = Debug|Any CPU
		{6645FBDA-A464-4726-B666-6E4C7F177734}.Release|Any CPU.ActiveCfg = Release|Any CPU
		{6645FBDA-A464-4726-B666-6E4C7F177734}.Release|Any CPU.Build.0 = Release|Any CPU
	EndGlobalSection
	GlobalSection(SolutionProperties) = preSolution
		HideSolutionNode = FALSE
	EndGlobalSection
	GlobalSection(ExtensibilityGlobals) = postSolution
		SolutionGuid = {9FB907E2-DEF2-4071-BCDB-EACA030D3C21}
	EndGlobalSection
EndGlobal
